// !$*UTF8*$!
{
	archiveVersion = 1;
	classes = {
	};
	objectVersion = 50;
	objects = {

/* Begin PBXBuildFile section */
		2D4C8BCF2412BF4000B28918 /* AppDelegate.swift in Sources */ = {isa = PBXBuildFile; fileRef = 2D4C8BCE2412BF4000B28918 /* AppDelegate.swift */; };
		2D4C8BD12412BF4000B28918 /* SceneDelegate.swift in Sources */ = {isa = PBXBuildFile; fileRef = 2D4C8BD02412BF4000B28918 /* SceneDelegate.swift */; };
		2D4C8BD32412BF4000B28918 /* ViewController.swift in Sources */ = {isa = PBXBuildFile; fileRef = 2D4C8BD22412BF4000B28918 /* ViewController.swift */; };
		2D4C8BD62412BF4000B28918 /* Main.storyboard in Resources */ = {isa = PBXBuildFile; fileRef = 2D4C8BD42412BF4000B28918 /* Main.storyboard */; };
		2D4C8BD82412BF4400B28918 /* Assets.xcassets in Resources */ = {isa = PBXBuildFile; fileRef = 2D4C8BD72412BF4400B28918 /* Assets.xcassets */; };
		2D4C8BDB2412BF4400B28918 /* LaunchScreen.storyboard in Resources */ = {isa = PBXBuildFile; fileRef = 2D4C8BD92412BF4400B28918 /* LaunchScreen.storyboard */; };
/* End PBXBuildFile section */

/* Begin PBXFileReference section */
		2D4C8BCB2412BF4000B28918 /* PanGestureRecognizer.app */ = {isa = PBXFileReference; explicitFileType = wrapper.application; includeInIndex = 0; path = PanGestureRecognizer.app; sourceTree = BUILT_PRODUCTS_DIR; };
		2D4C8BCE2412BF4000B28918 /* AppDelegate.swift */ = {isa = PBXFileReference; lastKnownFileType = sourcecode.swift; path = AppDelegate.swift; sourceTree = "<group>"; };
		2D4C8BD02412BF4000B28918 /* SceneDelegate.swift */ = {isa = PBXFileReference; lastKnownFileType = sourcecode.swift; path = SceneDelegate.swift; sourceTree = "<group>"; };
		2D4C8BD22412BF4000B28918 /* ViewController.swift */ = {isa = PBXFileReference; lastKnownFileType = sourcecode.swift; path = ViewController.swift; sourceTree = "<group>"; };
		2D4C8BD52412BF4000B28918 /* Base */ = {isa = PBXFileReference; lastKnownFileType = file.storyboard; name = Base; path = Base.lproj/Main.storyboard; sourceTree = "<group>"; };
		2D4C8BD72412BF4400B28918 /* Assets.xcassets */ = {isa = PBXFileReference; lastKnownFileType = folder.assetcatalog; path = Assets.xcassets; sourceTree = "<group>"; };
		2D4C8BDA2412BF4400B28918 /* Base */ = {isa = PBXFileReference; lastKnownFileType = file.storyboard; name = Base; path = Base.lproj/LaunchScreen.storyboard; sourceTree = "<group>"; };
		2D4C8BDC2412BF4400B28918 /* Info.plist */ = {isa = PBXFileReference; lastKnownFileType = text.plist.xml; path = Info.plist; sourceTree = "<group>"; };
/* End PBXFileReference section */

/* Begin PBXFrameworksBuildPhase section */
		2D4C8BC82412BF4000B28918 /* Frameworks */ = {
			isa = PBXFrameworksBuildPhase;
			buildActionMask = 2147483647;
			files = (
			);
			runOnlyForDeploymentPostprocessing = 0;
		};
/* End PBXFrameworksBuildPhase section */

/* Begin PBXGroup section */
		2D4C8BC22412BF4000B28918 = {
			isa = PBXGroup;
			children = (
				2D4C8BCD2412BF4000B28918 /* PanGestureRecognizer */,
				2D4C8BCC2412BF4000B28918 /* Products */,
			);
			sourceTree = "<group>";
		};
		2D4C8BCC2412BF4000B28918 /* Products */ = {
			isa = PBXGroup;
			children = (
				2D4C8BCB2412BF4000B28918 /* PanGestureRecognizer.app */,
			);
			name = Products;
			sourceTree = "<group>";
		};
		2D4C8BCD2412BF4000B28918 /* PanGestureRecognizer */ = {
			isa = PBXGroup;
			children = (
				2D4C8BCE2412BF4000B28918 /* AppDelegate.swift */,
				2D4C8BD02412BF4000B28918 /* SceneDelegate.swift */,
				2D4C8BD22412BF4000B28918 /* ViewController.swift */,
				2D4C8BD42412BF4000B28918 /* Main.storyboard */,
				2D4C8BD72412BF4400B28918 /* Assets.xcassets */,
				2D4C8BD92412BF4400B28918 /* LaunchScreen.storyboard */,
				2D4C8BDC2412BF4400B28918 /* Info.plist */,
			);
			path = PanGestureRecognizer;
			sourceTree = "<group>";
		};
/* End PBXGroup section */

/* Begin PBXNativeTarget section */
		2D4C8BCA2412BF4000B28918 /* PanGestureRecognizer */ = {
			isa = PBXNativeTarget;
			buildConfigurationList = 2D4C8BDF2412BF4400B28918 /* Build configuration list for PBXNativeTarget "PanGestureRecognizer" */;
			buildPhases = (
				2D4C8BC72412BF4000B28918 /* Sources */,
				2D4C8BC82412BF4000B28918 /* Frameworks */,
				2D4C8BC92412BF4000B28918 /* Resources */,
			);
			buildRules = (
			);
			dependencies = (
			);
			name = PanGestureRecognizer;
			productName = PanGestureRecognizer;
			productReference = 2D4C8BCB2412BF4000B28918 /* PanGestureRecognizer.app */;
			productType = "com.apple.product-type.application";
		};
/* End PBXNativeTarget section */

/* Begin PBXProject section */
		2D4C8BC32412BF4000B28918 /* Project object */ = {
			isa = PBXProject;
			attributes = {
				LastSwiftUpdateCheck = 1120;
				LastUpgradeCheck = 1120;
				ORGANIZATIONNAME = itsector;
				TargetAttributes = {
					2D4C8BCA2412BF4000B28918 = {
						CreatedOnToolsVersion = 11.2.1;
					};
				};
			};
			buildConfigurationList = 2D4C8BC62412BF4000B28918 /* Build configuration list for PBXProject "PanGestureRecognizer" */;
			compatibilityVersion = "Xcode 9.3";
			developmentRegion = en;
			hasScannedForEncodings = 0;
			knownRegions = (
				en,
				Base,
			);
			mainGroup = 2D4C8BC22412BF4000B28918;
			productRefGroup = 2D4C8BCC2412BF4000B28918 /* Products */;
			projectDirPath = "";
			projectRoot = "";
			targets = (
				2D4C8BCA2412BF4000B28918 /* PanGestureRecognizer */,
			);
		};
/* End PBXProject section */

/* Begin PBXResourcesBuildPhase section */
		2D4C8BC92412BF4000B28918 /* Resources */ = {
			isa = PBXResourcesBuildPhase;
			buildActionMask = 2147483647;
			files = (
				2D4C8BDB2412BF4400B28918 /* LaunchScreen.storyboard in Resources */,
				2D4C8BD82412BF4400B28918 /* Assets.xcassets in Resources */,
				2D4C8BD62412BF4000B28918 /* Main.storyboard in Resources */,
			);
			runOnlyForDeploymentPostprocessing = 0;
		};
/* End PBXResourcesBuildPhase section */

/* Begin PBXSourcesBuildPhase section */
		2D4C8BC72412BF4000B28918 /* Sources */ = {
			isa = PBXSourcesBuildPhase;
			buildActionMask = 2147483647;
			files = (
				2D4C8BD32412BF4000B28918 /* ViewController.swift in Sources */,
				2D4C8BCF2412BF4000B28918 /* AppDelegate.swift in Sources */,
				2D4C8BD12412BF4000B28918 /* SceneDelegate.swift in Sources */,
			);
			runOnlyForDeploymentPostprocessing = 0;
		};
/* End PBXSourcesBuildPhase section */

/* Begin PBXVariantGroup section */
		2D4C8BD42412BF4000B28918 /* Main.storyboard */ = {
			isa = PBXVariantGroup;
			children = (
				2D4C8BD52412BF4000B28918 /* Base */,
			);
			name = Main.storyboard;
			sourceTree = "<group>";
		};
		2D4C8BD92412BF4400B28918 /* LaunchScreen.storyboard */ = {
			isa = PBXVariantGroup;
			children = (
				2D4C8BDA2412BF4400B28918 /* Base */,
			);
			name = LaunchScreen.storyboard;
			sourceTree = "<group>";
		};
/* End PBXVariantGroup section */

/* Begin XCBuildConfiguration section */
		2D4C8BDD2412BF4400B28918 /* Debug */ = {
			isa = XCBuildConfiguration;
			buildSettings = {
				ALWAYS_SEARCH_USER_PATHS = NO;
				CLANG_ANALYZER_NONNULL = YES;
				CLANG_ANALYZER_NUMBER_OBJECT_CONVERSION = YES_AGGRESSIVE;
				CLANG_CXX_LANGUAGE_STANDARD = "gnu++14";
				CLANG_CXX_LIBRARY = "libc++";
				CLANG_ENABLE_MODULES = YES;
				CLANG_ENABLE_OBJC_ARC = YES;
				CLANG_ENABLE_OBJC_WEAK = YES;
				CLANG_WARN_BLOCK_CAPTURE_AUTORELEASING = YES;
				CLANG_WARN_BOOL_CONVERSION = YES;
				CLANG_WARN_COMMA = YES;
				CLANG_WARN_CONSTANT_CONVERSION = YES;
				CLANG_WARN_DEPRECATED_OBJC_IMPLEMENTATIONS = YES;
				CLANG_WARN_DIRECT_OBJC_ISA_USAGE = YES_ERROR;
				CLANG_WARN_DOCUMENTATION_COMMENTS = YES;
				CLANG_WARN_EMPTY_BODY = YES;
				CLANG_WARN_ENUM_CONVERSION = YES;
				CLANG_WARN_INFINITE_RECURSION = YES;
				CLANG_WARN_INT_CONVERSION = YES;
				CLANG_WARN_NON_LITERAL_NULL_CONVERSION = YES;
				CLANG_WARN_OBJC_IMPLICIT_RETAIN_SELF = YES;
				CLANG_WARN_OBJC_LITERAL_CONVERSION = YES;
				CLANG_WARN_OBJC_ROOT_CLASS = YES_ERROR;
				CLANG_WARN_RANGE_LOOP_ANALYSIS = YES;
				CLANG_WARN_STRICT_PROTOTYPES = YES;
				CLANG_WARN_SUSPICIOUS_MOVE = YES;
				CLANG_WARN_UNGUARDED_AVAILABILITY = YES_AGGRESSIVE;
				CLANG_WARN_UNREACHABLE_CODE = YES;
				CLANG_WARN__DUPLICATE_METHOD_MATCH = YES;
				COPY_PHASE_STRIP = NO;
				DEBUG_INFORMATION_FORMAT = dwarf;
				ENABLE_STRICT_OBJC_MSGSEND = YES;
				ENABLE_TESTABILITY = YES;
				GCC_C_LANGUAGE_STANDARD = gnu11;
				GCC_DYNAMIC_NO_PIC = NO;
				GCC_NO_COMMON_BLOCKS = YES;
				GCC_OPTIMIZATION_LEVEL = 0;
				GCC_PREPROCESSOR_DEFINITIONS = (
					"DEBUG=1",
					"$(inherited)",
				);
				GCC_WARN_64_TO_32_BIT_CONVERSION = YES;
				GCC_WARN_ABOUT_RETURN_TYPE = YES_ERROR;
				GCC_WARN_UNDECLARED_SELECTOR = YES;
				GCC_WARN_UNINITIALIZED_AUTOS = YES_AGGRESSIVE;
				GCC_WARN_UNUSED_FUNCTION = YES;
				GCC_WARN_UNUSED_VARIABLE = YES;
				IPHONEOS_DEPLOYMENT_TARGET = 13.2;
				MTL_ENABLE_DEBUG_INFO = INCLUDE_SOURCE;
				MTL_FAST_MATH = YES;
				ONLY_ACTIVE_ARCH = YES;
				SDKROOT = iphoneos;
				SWIFT_ACTIVE_COMPILATION_CONDITIONS = DEBUG;
				SWIFT_OPTIMIZATION_LEVEL = "-Onone";
			};
			name = Debug;
		};
		2D4C8BDE2412BF4400B28918 /* Release */ = {
			isa = XCBuildConfiguration;
			buildSettings = {
				ALWAYS_SEARCH_USER_PATHS = NO;
				CLANG_ANALYZER_NONNULL = YES;
				CLANG_ANALYZER_NUMBER_OBJECT_CONVERSION = YES_AGGRESSIVE;
				CLANG_CXX_LANGUAGE_STANDARD = "gnu++14";
				CLANG_CXX_LIBRARY = "libc++";
				CLANG_ENABLE_MODULES = YES;
				CLANG_ENABLE_OBJC_ARC = YES;
				CLANG_ENABLE_OBJC_WEAK = YES;
				CLANG_WARN_BLOCK_CAPTURE_AUTORELEASING = YES;
				CLANG_WARN_BOOL_CONVERSION = YES;
				CLANG_WARN_COMMA = YES;
				CLANG_WARN_CONSTANT_CONVERSION = YES;
				CLANG_WARN_DEPRECATED_OBJC_IMPLEMENTATIONS = YES;
				CLANG_WARN_DIRECT_OBJC_ISA_USAGE = YES_ERROR;
				CLANG_WARN_DOCUMENTATION_COMMENTS = YES;
				CLANG_WARN_EMPTY_BODY = YES;
				CLANG_WARN_ENUM_CONVERSION = YES;
				CLANG_WARN_INFINITE_RECURSION = YES;
				CLANG_WARN_INT_CONVERSION = YES;
				CLANG_WARN_NON_LITERAL_NULL_CONVERSION = YES;
				CLANG_WARN_OBJC_IMPLICIT_RETAIN_SELF = YES;
				CLANG_WARN_OBJC_LITERAL_CONVERSION = YES;
				CLANG_WARN_OBJC_ROOT_CLASS = YES_ERROR;
				CLANG_WARN_RANGE_LOOP_ANALYSIS = YES;
				CLANG_WARN_STRICT_PROTOTYPES = YES;
				CLANG_WARN_SUSPICIOUS_MOVE = YES;
				CLANG_WARN_UNGUARDED_AVAILABILITY = YES_AGGRESSIVE;
				CLANG_WARN_UNREACHABLE_CODE = YES;
				CLANG_WARN__DUPLICATE_METHOD_MATCH = YES;
				COPY_PHASE_STRIP = NO;
				DEBUG_INFORMATION_FORMAT = "dwarf-with-dsym";
				ENABLE_NS_ASSERTIONS = NO;
				ENABLE_STRICT_OBJC_MSGSEND = YES;
				GCC_C_LANGUAGE_STANDARD = gnu11;
				GCC_NO_COMMON_BLOCKS = YES;
				GCC_WARN_64_TO_32_BIT_CONVERSION = YES;
				GCC_WARN_ABOUT_RETURN_TYPE = YES_ERROR;
				GCC_WARN_UNDECLARED_SELECTOR = YES;
				GCC_WARN_UNINITIALIZED_AUTOS = YES_AGGRESSIVE;
				GCC_WARN_UNUSED_FUNCTION = YES;
				GCC_WARN_UNUSED_VARIABLE = YES;
				IPHONEOS_DEPLOYMENT_TARGET = 13.2;
				MTL_ENABLE_DEBUG_INFO = NO;
				MTL_FAST_MATH = YES;
				SDKROOT = iphoneos;
				SWIFT_COMPILATION_MODE = wholemodule;
				SWIFT_OPTIMIZATION_LEVEL = "-O";
				VALIDATE_PRODUCT = YES;
			};
			name = Release;
		};
		2D4C8BE02412BF4400B28918 /* Debug */ = {
			isa = XCBuildConfiguration;
			buildSettings = {
				ASSETCATALOG_COMPILER_APPICON_NAME = AppIcon;
				CODE_SIGN_STYLE = Automatic;
				DEVELOPMENT_TEAM = 24AFW8VA6N;
				INFOPLIST_FILE = PanGestureRecognizer/Info.plist;
				LD_RUNPATH_SEARCH_PATHS = (
					"$(inherited)",
					"@executable_path/Frameworks",
				);
				PRODUCT_BUNDLE_IDENTIFIER = ITSector.PanGestureRecognizer;
				PRODUCT_NAME = "$(TARGET_NAME)";
				SWIFT_VERSION = 5.0;
				TARGETED_DEVICE_FAMILY = "1,2";
			};
			name = Debug;
		};
		2D4C8BE12412BF4400B28918 /* Release */ = {
			isa = XCBuildConfiguration;
			buildSettings = {
				ASSETCATALOG_COMPILER_APPICON_NAME = AppIcon;
				CODE_SIGN_STYLE = Automatic;
				DEVELOPMENT_TEAM = 24AFW8VA6N;
				INFOPLIST_FILE = PanGestureRecognizer/Info.plist;
				LD_RUNPATH_SEARCH_PATHS = (
					"$(inherited)",
					"@executable_path/Frameworks",
				);
				PRODUCT_BUNDLE_IDENTIFIER = ITSector.PanGestureRecognizer;
				PRODUCT_NAME = "$(TARGET_NAME)";
				SWIFT_VERSION = 5.0;
				TARGETED_DEVICE_FAMILY = "1,2";
			};
			name = Release;
		};
/* End XCBuildConfiguration section */

/* Begin XCConfigurationList section */
		2D4C8BC62412BF4000B28918 /* Build configuration list for PBXProject "PanGestureRecognizer" */ = {
			isa = XCConfigurationList;
			buildConfigurations = (
				2D4C8BDD2412BF4400B28918 /* Debug */,
				2D4C8BDE2412BF4400B28918 /* Release */,
			);
			defaultConfigurationIsVisible = 0;
			defaultConfigurationName = Release;
		};
		2D4C8BDF2412BF4400B28918 /* Build configuration list for PBXNativeTarget "PanGestureRecognizer" */ = {
			isa = XCConfigurationList;
			buildConfigurations = (
				2D4C8BE02412BF4400B28918 /* Debug */,
				2D4C8BE12412BF4400B28918 /* Release */,
			);
			defaultConfigurationIsVisible = 0;
			defaultConfigurationName = Release;
		};
/* End XCConfigurationList section */
	};
	rootObject = 2D4C8BC32412BF4000B28918 /* Project object */;
}
